// !$*UTF8*$!
{
	archiveVersion = 1;
	classes = {
	};
	objectVersion = 60;
	objects = {

/* Begin PBXBuildFile section */
		13C12DEA12E625DCFEB26EE2 /* PrivacyInfo.xcprivacy in Resources */ = {isa = PBXBuildFile; fileRef = DB18641CC4D653754E26566B /* PrivacyInfo.xcprivacy */; };
		16AA91460576F2D6AA2FC2B6 /* MainViewController.swift in Sources */ = {isa = PBXBuildFile; fileRef = 4FD0BAF78197C4BAC373D977 /* MainViewController.swift */; };
		1DE4D18C144DBBBB1E1F0669 /* VerbaWidgets.appex in Embed Foundation Extensions */ = {isa = PBXBuildFile; fileRef = 0BC66AE947805A0E63DE67A3 /* VerbaWidgets.appex */; settings = {ATTRIBUTES = (RemoveHeadersOnCopy, ); }; };
		24080CB72D9E0D288B82E2AF /* VerbaWatchWidgets.appex in Embed Foundation Extensions */ = {isa = PBXBuildFile; fileRef = 4CDD9A7627217B103EDA82AA /* VerbaWatchWidgets.appex */; settings = {ATTRIBUTES = (RemoveHeadersOnCopy, ); }; };
		2FAD9763203C412B000D30F8 /* config.xml in Resources */ = {isa = PBXBuildFile; fileRef = 2FAD9762203C412B000D30F8 /* config.xml */; };
		33851FC380940FD0DD36E53F /* WatchFaceScreen.swift in Sources */ = {isa = PBXBuildFile; fileRef = 2677ED98DA7BE5C347C546F4 /* WatchFaceScreen.swift */; };
		38060FEB960D74DE6815BB3D /* ConfigIntent.swift in Sources */ = {isa = PBXBuildFile; fileRef = E8928F0D8D2796EB5517E2F8 /* ConfigIntent.swift */; };
		4D22ABE92AF431CB00220026 /* CapApp-SPM in Frameworks */ = {isa = PBXBuildFile; productRef = 4D22ABE82AF431CB00220026 /* CapApp-SPM */; };
		4F3B07AAED905314C116403B /* PrivacyInfo.xcprivacy in Resources */ = {isa = PBXBuildFile; fileRef = DB18641CC4D653754E26566B /* PrivacyInfo.xcprivacy */; };
		50379B232058CBB4000EE86E /* capacitor.config.json in Resources */ = {isa = PBXBuildFile; fileRef = 50379B222058CBB4000EE86E /* capacitor.config.json */; };
		504EC3081FED79650016851F /* AppDelegate.swift in Sources */ = {isa = PBXBuildFile; fileRef = 504EC3071FED79650016851F /* AppDelegate.swift */; };
		504EC30D1FED79650016851F /* Main.storyboard in Resources */ = {isa = PBXBuildFile; fileRef = 504EC30B1FED79650016851F /* Main.storyboard */; };
		504EC30F1FED79650016851F /* Assets.xcassets in Resources */ = {isa = PBXBuildFile; fileRef = 504EC30E1FED79650016851F /* Assets.xcassets */; };
		504EC3121FED79650016851F /* LaunchScreen.storyboard in Resources */ = {isa = PBXBuildFile; fileRef = 504EC3101FED79650016851F /* LaunchScreen.storyboard */; };
		50B271D11FEDC1A000F3C39B /* public in Resources */ = {isa = PBXBuildFile; fileRef = 50B271D01FEDC1A000F3C39B /* public */; };
		51D01F79106667D65FAD7B93 /* Assets.xcassets in Resources */ = {isa = PBXBuildFile; fileRef = 737CFA131E0D2B8CF1F38315 /* Assets.xcassets */; };
		5CBB88F6BD47FC53CA913E09 /* VerbaWidgets.swift in Sources */ = {isa = PBXBuildFile; fileRef = AE545FC75B6CCDA1D1B33704 /* VerbaWidgets.swift */; };
		6A1046A447C8AE921D8E7B00 /* Timeline.swift in Sources */ = {isa = PBXBuildFile; fileRef = BF3AA8CB04E35670B9BFC5CF /* Timeline.swift */; };
		9582B6832FE993A70072D4E8 /* SceneDelegate.swift in Sources */ = {isa = PBXBuildFile; fileRef = 9582B6822FE993A50072D4E8 /* SceneDelegate.swift */; };
		9B49B93AEB0FBDA5FC815D6D /* Foundation.framework in Frameworks */ = {isa = PBXBuildFile; fileRef = 7E3FA55C1A64FE205EEB97E9 /* Foundation.framework */; };
		9C875DC339AEB30E1A94C48D /* WidgetBridgePlugin.swift in Sources */ = {isa = PBXBuildFile; fileRef = 3DC35E9966959F50E4192248 /* WidgetBridgePlugin.swift */; };
		9FAFBFA7F0CC007EC89DB2F5 /* PrivacyInfo.xcprivacy in Resources */ = {isa = PBXBuildFile; fileRef = DB18641CC4D653754E26566B /* PrivacyInfo.xcprivacy */; };
		A08334949765295E06B5641F /* WatchWidgets.swift in Sources */ = {isa = PBXBuildFile; fileRef = 8CB6D37F63BC7C2106820DA0 /* WatchWidgets.swift */; };
		AF2A5F04AECE2525E46D1871 /* VerbaWatchApp.swift in Sources */ = {isa = PBXBuildFile; fileRef = 0C15143B82AE8D715EA2B162 /* VerbaWatchApp.swift */; };
		B3DF21D4153606C893787676 /* ConfigIntent.swift in Sources */ = {isa = PBXBuildFile; fileRef = E8928F0D8D2796EB5517E2F8 /* ConfigIntent.swift */; };
		B50405DA03488D0C6B669C8E /* PrivacyInfo.xcprivacy in Resources */ = {isa = PBXBuildFile; fileRef = DB18641CC4D653754E26566B /* PrivacyInfo.xcprivacy */; };
		CA68774B279D9DF948C4E818 /* WatchSettingsView.swift in Sources */ = {isa = PBXBuildFile; fileRef = 456184D130641672F131F7DE /* WatchSettingsView.swift */; };
		CB79790181D62AC10E4F43ED /* Timeline.swift in Sources */ = {isa = PBXBuildFile; fileRef = BF3AA8CB04E35670B9BFC5CF /* Timeline.swift */; };
		D09E5CC0820B54FCB8F6D53C /* Foundation.framework in Frameworks */ = {isa = PBXBuildFile; fileRef = 01A019876BF77ED232E22339 /* Foundation.framework */; };
		D7AD48D87C980B55D228EFFF /* VerbaWatch.app in Embed Watch Content */ = {isa = PBXBuildFile; fileRef = 0A2EEE6BFA1A5756A229A531 /* VerbaWatch.app */; settings = {ATTRIBUTES = (RemoveHeadersOnCopy, ); }; };
		D8FEF2D17239BA8E6B6E4684 /* Foundation.framework in Frameworks */ = {isa = PBXBuildFile; fileRef = 7E3FA55C1A64FE205EEB97E9 /* Foundation.framework */; };
/* End PBXBuildFile section */

/* Begin PBXContainerItemProxy section */
		0A07E574CA042AAFF7A427D6 /* PBXContainerItemProxy */ = {
			isa = PBXContainerItemProxy;
			containerPortal = 504EC2FC1FED79650016851F /* Project object */;
			proxyType = 1;
			remoteGlobalIDString = C00B0A41D8DBDFBB0A4C6D9B;
			remoteInfo = VerbaWatchWidgets;
		};
		1FCE88B351CD95D4095991D4 /* PBXContainerItemProxy */ = {
			isa = PBXContainerItemProxy;
			containerPortal = 504EC2FC1FED79650016851F /* Project object */;
			proxyType = 1;
			remoteGlobalIDString = B4B7AEEFAEAB760C87D66FC6;
			remoteInfo = VerbaWidgets;
		};
		E74B060B28FF952F721A622E /* PBXContainerItemProxy */ = {
			isa = PBXContainerItemProxy;
			containerPortal = 504EC2FC1FED79650016851F /* Project object */;
			proxyType = 1;
			remoteGlobalIDString = 34129983EF4DC8A1BF9E6E61;
			remoteInfo = VerbaWatch;
		};
/* End PBXContainerItemProxy section */

/* Begin PBXCopyFilesBuildPhase section */
		6780BE1C6E24683628E0BFBA /* Embed Foundation Extensions */ = {
			isa = PBXCopyFilesBuildPhase;
			buildActionMask = 2147483647;
			dstPath = "";
			dstSubfolderSpec = 13;
			files = (
				1DE4D18C144DBBBB1E1F0669 /* VerbaWidgets.appex in Embed Foundation Extensions */,
			);
			name = "Embed Foundation Extensions";
			runOnlyForDeploymentPostprocessing = 0;
		};
		90AD110DEBFE6BF16814D110 /* Embed Watch Content */ = {
			isa = PBXCopyFilesBuildPhase;
			buildActionMask = 2147483647;
			dstPath = "$(CONTENTS_FOLDER_PATH)/Watch";
			dstSubfolderSpec = 16;
			files = (
				D7AD48D87C980B55D228EFFF /* VerbaWatch.app in Embed Watch Content */,
			);
			name = "Embed Watch Content";
			runOnlyForDeploymentPostprocessing = 0;
		};
		C66999E2F3B21E857481EF90 /* Embed Foundation Extensions */ = {
			isa = PBXCopyFilesBuildPhase;
			buildActionMask = 2147483647;
			dstPath = "";
			dstSubfolderSpec = 13;
			files = (
				24080CB72D9E0D288B82E2AF /* VerbaWatchWidgets.appex in Embed Foundation Extensions */,
			);
			name = "Embed Foundation Extensions";
			runOnlyForDeploymentPostprocessing = 0;
		};
/* End PBXCopyFilesBuildPhase section */

/* Begin PBXFileReference section */
		01A019876BF77ED232E22339 /* Foundation.framework */ = {isa = PBXFileReference; lastKnownFileType = wrapper.framework; name = Foundation.framework; path = Platforms/iPhoneOS.platform/Developer/SDKs/iPhoneOS26.0.sdk/System/Library/Frameworks/Foundation.framework; sourceTree = DEVELOPER_DIR; };
		027302B8FC53D8BD5280E212 /* Info.plist */ = {isa = PBXFileReference; includeInIndex = 1; lastKnownFileType = text.plist.xml; path = Info.plist; sourceTree = "<group>"; };
		0A2EEE6BFA1A5756A229A531 /* VerbaWatch.app */ = {isa = PBXFileReference; explicitFileType = wrapper.application; includeInIndex = 0; path = VerbaWatch.app; sourceTree = BUILT_PRODUCTS_DIR; };
		0BC66AE947805A0E63DE67A3 /* VerbaWidgets.appex */ = {isa = PBXFileReference; explicitFileType = "wrapper.app-extension"; includeInIndex = 0; path = VerbaWidgets.appex; sourceTree = BUILT_PRODUCTS_DIR; };
		0C15143B82AE8D715EA2B162 /* VerbaWatchApp.swift */ = {isa = PBXFileReference; includeInIndex = 1; lastKnownFileType = sourcecode.swift; path = VerbaWatchApp.swift; sourceTree = "<group>"; };
		2677ED98DA7BE5C347C546F4 /* WatchFaceScreen.swift */ = {isa = PBXFileReference; includeInIndex = 1; lastKnownFileType = sourcecode.swift; path = WatchFaceScreen.swift; sourceTree = "<group>"; };
		2FAD9762203C412B000D30F8 /* config.xml */ = {isa = PBXFileReference; lastKnownFileType = text.xml; path = config.xml; sourceTree = "<group>"; };
		3DC35E9966959F50E4192248 /* WidgetBridgePlugin.swift */ = {isa = PBXFileReference; includeInIndex = 1; lastKnownFileType = sourcecode.swift; path = WidgetBridgePlugin.swift; sourceTree = "<group>"; };
		456184D130641672F131F7DE /* WatchSettingsView.swift */ = {isa = PBXFileReference; includeInIndex = 1; lastKnownFileType = sourcecode.swift; path = WatchSettingsView.swift; sourceTree = "<group>"; };
		47C649F4046D8DC4BB06CDCF /* VerbaWidgets.entitlements */ = {isa = PBXFileReference; includeInIndex = 1; lastKnownFileType = text.plist.entitlements; path = VerbaWidgets.entitlements; sourceTree = "<group>"; };
		4CDD9A7627217B103EDA82AA /* VerbaWatchWidgets.appex */ = {isa = PBXFileReference; explicitFileType = "wrapper.app-extension"; includeInIndex = 0; path = VerbaWatchWidgets.appex; sourceTree = BUILT_PRODUCTS_DIR; };
		4FD0BAF78197C4BAC373D977 /* MainViewController.swift */ = {isa = PBXFileReference; includeInIndex = 1; lastKnownFileType = sourcecode.swift; path = MainViewController.swift; sourceTree = "<group>"; };
		50379B222058CBB4000EE86E /* capacitor.config.json */ = {isa = PBXFileReference; fileEncoding = 4; lastKnownFileType = text.json; path = capacitor.config.json; sourceTree = "<group>"; };
		504EC3041FED79650016851F /* App.app */ = {isa = PBXFileReference; explicitFileType = wrapper.application; includeInIndex = 0; path = App.app; sourceTree = BUILT_PRODUCTS_DIR; };
		504EC3071FED79650016851F /* AppDelegate.swift */ = {isa = PBXFileReference; lastKnownFileType = sourcecode.swift; path = AppDelegate.swift; sourceTree = "<group>"; };
		504EC30C1FED79650016851F /* Base */ = {isa = PBXFileReference; lastKnownFileType = file.storyboard; name = Base; path = Base.lproj/Main.storyboard; sourceTree = "<group>"; };
		504EC30E1FED79650016851F /* Assets.xcassets */ = {isa = PBXFileReference; lastKnownFileType = folder.assetcatalog; path = Assets.xcassets; sourceTree = "<group>"; };
		504EC3111FED79650016851F /* Base */ = {isa = PBXFileReference; lastKnownFileType = file.storyboard; name = Base; path = Base.lproj/LaunchScreen.storyboard; sourceTree = "<group>"; };
		504EC3131FED79650016851F /* Info.plist */ = {isa = PBXFileReference; lastKnownFileType = text.plist.xml; path = Info.plist; sourceTree = "<group>"; };
		50B271D01FEDC1A000F3C39B /* public */ = {isa = PBXFileReference; lastKnownFileType = folder; path = public; sourceTree = "<group>"; };
		6D9A9EEA0F61EEDDAC32CE98 /* VerbaWatch.entitlements */ = {isa = PBXFileReference; includeInIndex = 1; lastKnownFileType = text.plist.entitlements; path = VerbaWatch.entitlements; sourceTree = "<group>"; };
		737CFA131E0D2B8CF1F38315 /* Assets.xcassets */ = {isa = PBXFileReference; includeInIndex = 1; lastKnownFileType = folder.assetcatalog; path = Assets.xcassets; sourceTree = "<group>"; };
		7E3FA55C1A64FE205EEB97E9 /* Foundation.framework */ = {isa = PBXFileReference; lastKnownFileType = wrapper.framework; name = Foundation.framework; path = Platforms/WatchOS.platform/Developer/SDKs/WatchOS26.0.sdk/System/Library/Frameworks/Foundation.framework; sourceTree = DEVELOPER_DIR; };
		87BB13A17AC30933EFA3354D /* Info.plist */ = {isa = PBXFileReference; includeInIndex = 1; lastKnownFileType = text.plist.xml; path = Info.plist; sourceTree = "<group>"; };
		8CB6D37F63BC7C2106820DA0 /* WatchWidgets.swift */ = {isa = PBXFileReference; includeInIndex = 1; lastKnownFileType = sourcecode.swift; path = WatchWidgets.swift; sourceTree = "<group>"; };
		9582B6822FE993A50072D4E8 /* SceneDelegate.swift */ = {isa = PBXFileReference; lastKnownFileType = sourcecode.swift; path = SceneDelegate.swift; sourceTree = "<group>"; };
		958DCC722DB07C7200EA8C5F /* debug.xcconfig */ = {isa = PBXFileReference; lastKnownFileType = text.xcconfig; name = debug.xcconfig; path = ../debug.xcconfig; sourceTree = SOURCE_ROOT; };
		A737D1810357A73C29D96499 /* VerbaWatchWidgets.entitlements */ = {isa = PBXFileReference; includeInIndex = 1; lastKnownFileType = text.plist.entitlements; path = VerbaWatchWidgets.entitlements; sourceTree = "<group>"; };
		AE545FC75B6CCDA1D1B33704 /* VerbaWidgets.swift */ = {isa = PBXFileReference; includeInIndex = 1; lastKnownFileType = sourcecode.swift; path = VerbaWidgets.swift; sourceTree = "<group>"; };
		B715302A7BA698BC8E53925B /* App.entitlements */ = {isa = PBXFileReference; includeInIndex = 1; lastKnownFileType = text.plist.entitlements; path = App.entitlements; sourceTree = "<group>"; };
		BF3AA8CB04E35670B9BFC5CF /* Timeline.swift */ = {isa = PBXFileReference; includeInIndex = 1; lastKnownFileType = sourcecode.swift; path = Timeline.swift; sourceTree = "<group>"; };
		DB18641CC4D653754E26566B /* PrivacyInfo.xcprivacy */ = {isa = PBXFileReference; includeInIndex = 1; path = PrivacyInfo.xcprivacy; sourceTree = "<group>"; };
		E8928F0D8D2796EB5517E2F8 /* ConfigIntent.swift */ = {isa = PBXFileReference; includeInIndex = 1; lastKnownFileType = sourcecode.swift; path = ConfigIntent.swift; sourceTree = "<group>"; };
/* End PBXFileReference section */

/* Begin PBXFrameworksBuildPhase section */
		4D923BB8A4CB1E83CAA04EAF /* Frameworks */ = {
			isa = PBXFrameworksBuildPhase;
			buildActionMask = 2147483647;
			files = (
				D8FEF2D17239BA8E6B6E4684 /* Foundation.framework in Frameworks */,
			);
			runOnlyForDeploymentPostprocessing = 0;
		};
		504EC3011FED79650016851F /* Frameworks */ = {
			isa = PBXFrameworksBuildPhase;
			buildActionMask = 2147483647;
			files = (
				4D22ABE92AF431CB00220026 /* CapApp-SPM in Frameworks */,
			);
			runOnlyForDeploymentPostprocessing = 0;
		};
		BFD4BD41EB6EBD650B3A6183 /* Frameworks */ = {
			isa = PBXFrameworksBuildPhase;
			buildActionMask = 2147483647;
			files = (
				9B49B93AEB0FBDA5FC815D6D /* Foundation.framework in Frameworks */,
			);
			runOnlyForDeploymentPostprocessing = 0;
		};
		F7A637808B96D2AFE53CD62A /* Frameworks */ = {
			isa = PBXFrameworksBuildPhase;
			buildActionMask = 2147483647;
			files = (
				D09E5CC0820B54FCB8F6D53C /* Foundation.framework in Frameworks */,
			);
			runOnlyForDeploymentPostprocessing = 0;
		};
/* End PBXFrameworksBuildPhase section */

/* Begin PBXGroup section */
		200D975702BCAB2F50C567A6 /* VerbaWidgets */ = {
			isa = PBXGroup;
			children = (
				AE545FC75B6CCDA1D1B33704 /* VerbaWidgets.swift */,
				BF3AA8CB04E35670B9BFC5CF /* Timeline.swift */,
				E8928F0D8D2796EB5517E2F8 /* ConfigIntent.swift */,
				027302B8FC53D8BD5280E212 /* Info.plist */,
				47C649F4046D8DC4BB06CDCF /* VerbaWidgets.entitlements */,
			);
			name = VerbaWidgets;
			path = VerbaWidgets;
			sourceTree = "<group>";
		};
		44AE6705B209791A9A8C20B6 /* VerbaWatch */ = {
			isa = PBXGroup;
			children = (
				0C15143B82AE8D715EA2B162 /* VerbaWatchApp.swift */,
				2677ED98DA7BE5C347C546F4 /* WatchFaceScreen.swift */,
				456184D130641672F131F7DE /* WatchSettingsView.swift */,
				6D9A9EEA0F61EEDDAC32CE98 /* VerbaWatch.entitlements */,
				737CFA131E0D2B8CF1F38315 /* Assets.xcassets */,
			);
			name = VerbaWatch;
			path = VerbaWatch;
			sourceTree = "<group>";
		};
		44EF9930B0976C0EDF3D9363 /* Frameworks */ = {
			isa = PBXGroup;
			children = (
				A95A11AA1DF30A2B767F9C2F /* iOS */,
				F80DC4BC64609F2587CA0123 /* watchOS */,
			);
			name = Frameworks;
			sourceTree = "<group>";
		};
		4FE6361CFE3A421E2AE5E161 /* VerbaWatchWidgets */ = {
			isa = PBXGroup;
			children = (
				8CB6D37F63BC7C2106820DA0 /* WatchWidgets.swift */,
				87BB13A17AC30933EFA3354D /* Info.plist */,
				A737D1810357A73C29D96499 /* VerbaWatchWidgets.entitlements */,
			);
			name = VerbaWatchWidgets;
			path = VerbaWatchWidgets;
			sourceTree = "<group>";
		};
		504EC2FB1FED79650016851F = {
			isa = PBXGroup;
			children = (
				958DCC722DB07C7200EA8C5F /* debug.xcconfig */,
				504EC3061FED79650016851F /* App */,
				504EC3051FED79650016851F /* Products */,
				44EF9930B0976C0EDF3D9363 /* Frameworks */,
				200D975702BCAB2F50C567A6 /* VerbaWidgets */,
				44AE6705B209791A9A8C20B6 /* VerbaWatch */,
				4FE6361CFE3A421E2AE5E161 /* VerbaWatchWidgets */,
			);
			sourceTree = "<group>";
		};
		504EC3051FED79650016851F /* Products */ = {
			isa = PBXGroup;
			children = (
				504EC3041FED79650016851F /* App.app */,
				0BC66AE947805A0E63DE67A3 /* VerbaWidgets.appex */,
				0A2EEE6BFA1A5756A229A531 /* VerbaWatch.app */,
				4CDD9A7627217B103EDA82AA /* VerbaWatchWidgets.appex */,
			);
			name = Products;
			sourceTree = "<group>";
		};
		504EC3061FED79650016851F /* App */ = {
			isa = PBXGroup;
			children = (
				9582B6822FE993A50072D4E8 /* SceneDelegate.swift */,
				50379B222058CBB4000EE86E /* capacitor.config.json */,
				504EC3071FED79650016851F /* AppDelegate.swift */,
				504EC30B1FED79650016851F /* Main.storyboard */,
				504EC30E1FED79650016851F /* Assets.xcassets */,
				504EC3101FED79650016851F /* LaunchScreen.storyboard */,
				504EC3131FED79650016851F /* Info.plist */,
				2FAD9762203C412B000D30F8 /* config.xml */,
				50B271D01FEDC1A000F3C39B /* public */,
				3DC35E9966959F50E4192248 /* WidgetBridgePlugin.swift */,
				4FD0BAF78197C4BAC373D977 /* MainViewController.swift */,
				B715302A7BA698BC8E53925B /* App.entitlements */,
				DB18641CC4D653754E26566B /* PrivacyInfo.xcprivacy */,
			);
			path = App;
			sourceTree = "<group>";
		};
		A95A11AA1DF30A2B767F9C2F /* iOS */ = {
			isa = PBXGroup;
			children = (
				01A019876BF77ED232E22339 /* Foundation.framework */,
			);
			name = iOS;
			sourceTree = "<group>";
		};
		F80DC4BC64609F2587CA0123 /* watchOS */ = {
			isa = PBXGroup;
			children = (
				7E3FA55C1A64FE205EEB97E9 /* Foundation.framework */,
			);
			name = watchOS;
			sourceTree = "<group>";
		};
/* End PBXGroup section */

/* Begin PBXNativeTarget section */
		34129983EF4DC8A1BF9E6E61 /* VerbaWatch */ = {
			isa = PBXNativeTarget;
			buildConfigurationList = AA29AE89FE5636E331A03E6A /* Build configuration list for PBXNativeTarget "VerbaWatch" */;
			buildPhases = (
				4E048453FBE7A9AE3526F811 /* Sources */,
				4D923BB8A4CB1E83CAA04EAF /* Frameworks */,
				EA695B782ABE91420B717B32 /* Resources */,
				C66999E2F3B21E857481EF90 /* Embed Foundation Extensions */,
			);
			buildRules = (
			);
			dependencies = (
				188AB61008F23A21980B8A5E /* PBXTargetDependency */,
			);
			name = VerbaWatch;
			packageProductDependencies = (
				024E542C69A330DBD276B0A5 /* VerbaFaceKit */,
			);
			productName = VerbaWatch;
			productReference = 0A2EEE6BFA1A5756A229A531 /* VerbaWatch.app */;
			productType = "com.apple.product-type.application";
		};
		504EC3031FED79650016851F /* App */ = {
			isa = PBXNativeTarget;
			buildConfigurationList = 504EC3161FED79650016851F /* Build configuration list for PBXNativeTarget "App" */;
			buildPhases = (
				504EC3001FED79650016851F /* Sources */,
				504EC3011FED79650016851F /* Frameworks */,
				504EC3021FED79650016851F /* Resources */,
				6780BE1C6E24683628E0BFBA /* Embed Foundation Extensions */,
				90AD110DEBFE6BF16814D110 /* Embed Watch Content */,
			);
			buildRules = (
			);
			dependencies = (
				5687DA5AECA2433355FB4C95 /* PBXTargetDependency */,
				646B2FC5E08F2FA568097993 /* PBXTargetDependency */,
			);
			name = App;
			packageProductDependencies = (
				4D22ABE82AF431CB00220026 /* CapApp-SPM */,
			);
			productName = App;
			productReference = 504EC3041FED79650016851F /* App.app */;
			productType = "com.apple.product-type.application";
		};
		B4B7AEEFAEAB760C87D66FC6 /* VerbaWidgets */ = {
			isa = PBXNativeTarget;
			buildConfigurationList = 0CA0E12759A09EC4F80034A2 /* Build configuration list for PBXNativeTarget "VerbaWidgets" */;
			buildPhases = (
				872AFA641040CE4662EBB36E /* Sources */,
				F7A637808B96D2AFE53CD62A /* Frameworks */,
				BD22EA9547341D5281FCD5E8 /* Resources */,
			);
			buildRules = (
			);
			dependencies = (
			);
			name = VerbaWidgets;
			packageProductDependencies = (
				942D20BC82B43069331812E2 /* VerbaFaceKit */,
			);
			productName = VerbaWidgets;
			productReference = 0BC66AE947805A0E63DE67A3 /* VerbaWidgets.appex */;
			productType = "com.apple.product-type.app-extension";
		};
		C00B0A41D8DBDFBB0A4C6D9B /* VerbaWatchWidgets */ = {
			isa = PBXNativeTarget;
			buildConfigurationList = 70E21AA0961013B507A74580 /* Build configuration list for PBXNativeTarget "VerbaWatchWidgets" */;
			buildPhases = (
				933105AE3C6BCAEB52F70A8D /* Sources */,
				BFD4BD41EB6EBD650B3A6183 /* Frameworks */,
				2CFC98B7516088C2AEE7FC69 /* Resources */,
			);
			buildRules = (
			);
			dependencies = (
			);
			name = VerbaWatchWidgets;
			packageProductDependencies = (
				D8AF9871A9704375CC556482 /* VerbaFaceKit */,
			);
			productName = VerbaWatchWidgets;
			productReference = 4CDD9A7627217B103EDA82AA /* VerbaWatchWidgets.appex */;
			productType = "com.apple.product-type.app-extension";
		};
/* End PBXNativeTarget section */

/* Begin PBXProject section */
		504EC2FC1FED79650016851F /* Project object */ = {
			isa = PBXProject;
			attributes = {
				LastSwiftUpdateCheck = 0920;
				LastUpgradeCheck = 0920;
				TargetAttributes = {
					504EC3031FED79650016851F = {
						CreatedOnToolsVersion = 9.2;
						LastSwiftMigration = 1100;
						ProvisioningStyle = Automatic;
					};
				};
			};
			buildConfigurationList = 504EC2FF1FED79650016851F /* Build configuration list for PBXProject "App" */;
			compatibilityVersion = "Xcode 8.0";
			developmentRegion = en;
			hasScannedForEncodings = 0;
			knownRegions = (
				en,
				Base,
			);
			mainGroup = 504EC2FB1FED79650016851F;
			packageReferences = (
				D4C12C0A2AAA248700AAC8A2 /* XCLocalSwiftPackageReference "CapApp-SPM" */,
				F0A8CBA75DC1F0B70CC6B95E /* XCLocalSwiftPackageReference "VerbaFaceKit" */,
			);
			productRefGroup = 504EC3051FED79650016851F /* Products */;
			projectDirPath = "";
			projectRoot = "";
			targets = (
				504EC3031FED79650016851F /* App */,
				B4B7AEEFAEAB760C87D66FC6 /* VerbaWidgets */,
				34129983EF4DC8A1BF9E6E61 /* VerbaWatch */,
				C00B0A41D8DBDFBB0A4C6D9B /* VerbaWatchWidgets */,
			);
		};
/* End PBXProject section */

/* Begin PBXResourcesBuildPhase section */
		2CFC98B7516088C2AEE7FC69 /* Resources */ = {
			isa = PBXResourcesBuildPhase;
			buildActionMask = 2147483647;
			files = (
				13C12DEA12E625DCFEB26EE2 /* PrivacyInfo.xcprivacy in Resources */,
			);
			runOnlyForDeploymentPostprocessing = 0;
		};
		504EC3021FED79650016851F /* Resources */ = {
			isa = PBXResourcesBuildPhase;
			buildActionMask = 2147483647;
			files = (
				504EC3121FED79650016851F /* LaunchScreen.storyboard in Resources */,
				50B271D11FEDC1A000F3C39B /* public in Resources */,
				504EC30F1FED79650016851F /* Assets.xcassets in Resources */,
				50379B232058CBB4000EE86E /* capacitor.config.json in Resources */,
				504EC30D1FED79650016851F /* Main.storyboard in Resources */,
				2FAD9763203C412B000D30F8 /* config.xml in Resources */,
				B50405DA03488D0C6B669C8E /* PrivacyInfo.xcprivacy in Resources */,
			);
			runOnlyForDeploymentPostprocessing = 0;
		};
		BD22EA9547341D5281FCD5E8 /* Resources */ = {
			isa = PBXResourcesBuildPhase;
			buildActionMask = 2147483647;
			files = (
				9FAFBFA7F0CC007EC89DB2F5 /* PrivacyInfo.xcprivacy in Resources */,
			);
			runOnlyForDeploymentPostprocessing = 0;
		};
		EA695B782ABE91420B717B32 /* Resources */ = {
			isa = PBXResourcesBuildPhase;
			buildActionMask = 2147483647;
			files = (
				51D01F79106667D65FAD7B93 /* Assets.xcassets in Resources */,
				4F3B07AAED905314C116403B /* PrivacyInfo.xcprivacy in Resources */,
			);
			runOnlyForDeploymentPostprocessing = 0;
		};
/* End PBXResourcesBuildPhase section */

/* Begin PBXSourcesBuildPhase section */
		4E048453FBE7A9AE3526F811 /* Sources */ = {
			isa = PBXSourcesBuildPhase;
			buildActionMask = 2147483647;
			files = (
				AF2A5F04AECE2525E46D1871 /* VerbaWatchApp.swift in Sources */,
				33851FC380940FD0DD36E53F /* WatchFaceScreen.swift in Sources */,
				CA68774B279D9DF948C4E818 /* WatchSettingsView.swift in Sources */,
			);
			runOnlyForDeploymentPostprocessing = 0;
		};
		504EC3001FED79650016851F /* Sources */ = {
			isa = PBXSourcesBuildPhase;
			buildActionMask = 2147483647;
			files = (
				504EC3081FED79650016851F /* AppDelegate.swift in Sources */,
				9582B6832FE993A70072D4E8 /* SceneDelegate.swift in Sources */,
				9C875DC339AEB30E1A94C48D /* WidgetBridgePlugin.swift in Sources */,
				16AA91460576F2D6AA2FC2B6 /* MainViewController.swift in Sources */,
			);
			runOnlyForDeploymentPostprocessing = 0;
		};
		872AFA641040CE4662EBB36E /* Sources */ = {
			isa = PBXSourcesBuildPhase;
			buildActionMask = 2147483647;
			files = (
				5CBB88F6BD47FC53CA913E09 /* VerbaWidgets.swift in Sources */,
				CB79790181D62AC10E4F43ED /* Timeline.swift in Sources */,
				B3DF21D4153606C893787676 /* ConfigIntent.swift in Sources */,
			);
			runOnlyForDeploymentPostprocessing = 0;
		};
		933105AE3C6BCAEB52F70A8D /* Sources */ = {
			isa = PBXSourcesBuildPhase;
			buildActionMask = 2147483647;
			files = (
				A08334949765295E06B5641F /* WatchWidgets.swift in Sources */,
				38060FEB960D74DE6815BB3D /* ConfigIntent.swift in Sources */,
				6A1046A447C8AE921D8E7B00 /* Timeline.swift in Sources */,
			);
			runOnlyForDeploymentPostprocessing = 0;
		};
/* End PBXSourcesBuildPhase section */

/* Begin PBXTargetDependency section */
		188AB61008F23A21980B8A5E /* PBXTargetDependency */ = {
			isa = PBXTargetDependency;
			name = VerbaWatchWidgets;
			target = C00B0A41D8DBDFBB0A4C6D9B /* VerbaWatchWidgets */;
			targetProxy = 0A07E574CA042AAFF7A427D6 /* PBXContainerItemProxy */;
		};
		5687DA5AECA2433355FB4C95 /* PBXTargetDependency */ = {
			isa = PBXTargetDependency;
			name = VerbaWidgets;
			target = B4B7AEEFAEAB760C87D66FC6 /* VerbaWidgets */;
			targetProxy = 1FCE88B351CD95D4095991D4 /* PBXContainerItemProxy */;
		};
		646B2FC5E08F2FA568097993 /* PBXTargetDependency */ = {
			isa = PBXTargetDependency;
			name = VerbaWatch;
			target = 34129983EF4DC8A1BF9E6E61 /* VerbaWatch */;
			targetProxy = E74B060B28FF952F721A622E /* PBXContainerItemProxy */;
		};
/* End PBXTargetDependency section */

/* Begin PBXVariantGroup section */
		504EC30B1FED79650016851F /* Main.storyboard */ = {
			isa = PBXVariantGroup;
			children = (
				504EC30C1FED79650016851F /* Base */,
			);
			name = Main.storyboard;
			sourceTree = "<group>";
		};
		504EC3101FED79650016851F /* LaunchScreen.storyboard */ = {
			isa = PBXVariantGroup;
			children = (
				504EC3111FED79650016851F /* Base */,
			);
			name = LaunchScreen.storyboard;
			sourceTree = "<group>";
		};
/* End PBXVariantGroup section */

/* Begin XCBuildConfiguration section */
		4F54F9CB81E3FE5AF4A3C075 /* Release */ = {
			isa = XCBuildConfiguration;
			buildSettings = {
				ASSETCATALOG_COMPILER_APPICON_NAME = AppIcon;
				ASSETCATALOG_COMPILER_GLOBAL_ACCENT_COLOR_NAME = AccentColor;
				CODE_SIGN_ENTITLEMENTS = VerbaWatch/VerbaWatch.entitlements;
				CODE_SIGN_STYLE = Automatic;
				CURRENT_PROJECT_VERSION = 1;
				DEVELOPMENT_TEAM = 7Z5VPU7R3V;
				GENERATE_INFOPLIST_FILE = YES;
				INFOPLIST_KEY_CFBundleDisplayName = "Verba Clock";
				INFOPLIST_KEY_WKApplication = YES;
				INFOPLIST_KEY_WKCompanionAppBundleIdentifier = com.verba.clock;
				INFOPLIST_KEY_WKRunsIndependentlyOfCompanionApp = YES;
				MARKETING_VERSION = 1.0;
				PRODUCT_BUNDLE_IDENTIFIER = com.verba.clock.watchkitapp;
				PRODUCT_NAME = "$(TARGET_NAME)";
				SDKROOT = watchos;
				SKIP_INSTALL = YES;
				SWIFT_VERSION = 5.0;
				TARGETED_DEVICE_FAMILY = 4;
				VALIDATE_PRODUCT = YES;
				WATCHOS_DEPLOYMENT_TARGET = 10.0;
			};
			name = Release;
		};
		504EC3141FED79650016851F /* Debug */ = {
			isa = XCBuildConfiguration;
			baseConfigurationReference = 958DCC722DB07C7200EA8C5F /* debug.xcconfig */;
			buildSettings = {
				ALWAYS_SEARCH_USER_PATHS = NO;
				CLANG_ANALYZER_NONNULL = YES;
				CLANG_ANALYZER_NUMBER_OBJECT_CONVERSION = YES_AGGRESSIVE;
				CLANG_CXX_LANGUAGE_STANDARD = "gnu++14";
				CLANG_CXX_LIBRARY = "libc++";
				CLANG_ENABLE_MODULES = YES;
				CLANG_ENABLE_OBJC_ARC = YES;
				CLANG_WARN_BLOCK_CAPTURE_AUTORELEASING = YES;
				CLANG_WARN_BOOL_CONVERSION = YES;
				CLANG_WARN_COMMA = YES;
				CLANG_WARN_CONSTANT_CONVERSION = YES;
				CLANG_WARN_DIRECT_OBJC_ISA_USAGE = YES_ERROR;
				CLANG_WARN_DOCUMENTATION_COMMENTS = YES;
				CLANG_WARN_EMPTY_BODY = YES;
				CLANG_WARN_ENUM_CONVERSION = YES;
				CLANG_WARN_INFINITE_RECURSION = YES;
				CLANG_WARN_INT_CONVERSION = YES;
				CLANG_WARN_NON_LITERAL_NULL_CONVERSION = YES;
				CLANG_WARN_OBJC_LITERAL_CONVERSION = YES;
				CLANG_WARN_OBJC_ROOT_CLASS = YES_ERROR;
				CLANG_WARN_RANGE_LOOP_ANALYSIS = YES;
				CLANG_WARN_STRICT_PROTOTYPES = YES;
				CLANG_WARN_SUSPICIOUS_MOVE = YES;
				CLANG_WARN_UNGUARDED_AVAILABILITY = YES_AGGRESSIVE;
				CLANG_WARN_UNREACHABLE_CODE = YES;
				CLANG_WARN__DUPLICATE_METHOD_MATCH = YES;
				CODE_SIGN_IDENTITY = "iPhone Developer";
				COPY_PHASE_STRIP = NO;
				DEBUG_INFORMATION_FORMAT = dwarf;
				ENABLE_STRICT_OBJC_MSGSEND = YES;
				ENABLE_TESTABILITY = YES;
				GCC_C_LANGUAGE_STANDARD = gnu11;
				GCC_DYNAMIC_NO_PIC = NO;
				GCC_NO_COMMON_BLOCKS = YES;
				GCC_OPTIMIZATION_LEVEL = 0;
				GCC_PREPROCESSOR_DEFINITIONS = (
					"DEBUG=1",
					"$(inherited)",
				);
				GCC_WARN_64_TO_32_BIT_CONVERSION = YES;
				GCC_WARN_ABOUT_RETURN_TYPE = YES_ERROR;
				GCC_WARN_UNDECLARED_SELECTOR = YES;
				GCC_WARN_UNINITIALIZED_AUTOS = YES_AGGRESSIVE;
				GCC_WARN_UNUSED_FUNCTION = YES;
				GCC_WARN_UNUSED_VARIABLE = YES;
				IPHONEOS_DEPLOYMENT_TARGET = 17.0;
				MTL_ENABLE_DEBUG_INFO = YES;
				ONLY_ACTIVE_ARCH = YES;
				SDKROOT = iphoneos;
				SWIFT_ACTIVE_COMPILATION_CONDITIONS = DEBUG;
				SWIFT_OPTIMIZATION_LEVEL = "-Onone";
			};
			name = Debug;
		};
		504EC3151FED79650016851F /* Release */ = {
			isa = XCBuildConfiguration;
			buildSettings = {
				ALWAYS_SEARCH_USER_PATHS = NO;
				CLANG_ANALYZER_NONNULL = YES;
				CLANG_ANALYZER_NUMBER_OBJECT_CONVERSION = YES_AGGRESSIVE;
				CLANG_CXX_LANGUAGE_STANDARD = "gnu++14";
				CLANG_CXX_LIBRARY = "libc++";
				CLANG_ENABLE_MODULES = YES;
				CLANG_ENABLE_OBJC_ARC = YES;
				CLANG_WARN_BLOCK_CAPTURE_AUTORELEASING = YES;
				CLANG_WARN_BOOL_CONVERSION = YES;
				CLANG_WARN_COMMA = YES;
				CLANG_WARN_CONSTANT_CONVERSION = YES;
				CLANG_WARN_DIRECT_OBJC_ISA_USAGE = YES_ERROR;
				CLANG_WARN_DOCUMENTATION_COMMENTS = YES;
				CLANG_WARN_EMPTY_BODY = YES;
				CLANG_WARN_ENUM_CONVERSION = YES;
				CLANG_WARN_INFINITE_RECURSION = YES;
				CLANG_WARN_INT_CONVERSION = YES;
				CLANG_WARN_NON_LITERAL_NULL_CONVERSION = YES;
				CLANG_WARN_OBJC_LITERAL_CONVERSION = YES;
				CLANG_WARN_OBJC_ROOT_CLASS = YES_ERROR;
				CLANG_WARN_RANGE_LOOP_ANALYSIS = YES;
				CLANG_WARN_STRICT_PROTOTYPES = YES;
				CLANG_WARN_SUSPICIOUS_MOVE = YES;
				CLANG_WARN_UNGUARDED_AVAILABILITY = YES_AGGRESSIVE;
				CLANG_WARN_UNREACHABLE_CODE = YES;
				CLANG_WARN__DUPLICATE_METHOD_MATCH = YES;
				CODE_SIGN_IDENTITY = "iPhone Developer";
				COPY_PHASE_STRIP = NO;
				DEBUG_INFORMATION_FORMAT = "dwarf-with-dsym";
				ENABLE_NS_ASSERTIONS = NO;
				ENABLE_STRICT_OBJC_MSGSEND = YES;
				GCC_C_LANGUAGE_STANDARD = gnu11;
				GCC_NO_COMMON_BLOCKS = YES;
				GCC_WARN_64_TO_32_BIT_CONVERSION = YES;
				GCC_WARN_ABOUT_RETURN_TYPE = YES_ERROR;
				GCC_WARN_UNDECLARED_SELECTOR = YES;
				GCC_WARN_UNINITIALIZED_AUTOS = YES_AGGRESSIVE;
				GCC_WARN_UNUSED_FUNCTION = YES;
				GCC_WARN_UNUSED_VARIABLE = YES;
				IPHONEOS_DEPLOYMENT_TARGET = 17.0;
				MTL_ENABLE_DEBUG_INFO = NO;
				SDKROOT = iphoneos;
				SWIFT_COMPILATION_MODE = wholemodule;
				SWIFT_OPTIMIZATION_LEVEL = "-O";
				VALIDATE_PRODUCT = YES;
			};
			name = Release;
		};
		504EC3171FED79650016851F /* Debug */ = {
			isa = XCBuildConfiguration;
			baseConfigurationReference = 958DCC722DB07C7200EA8C5F /* debug.xcconfig */;
			buildSettings = {
				ASSETCATALOG_COMPILER_APPICON_NAME = AppIcon;
				CODE_SIGN_ENTITLEMENTS = App/App.entitlements;
				CODE_SIGN_STYLE = Automatic;
				CURRENT_PROJECT_VERSION = 1;
				DEVELOPMENT_TEAM = 7Z5VPU7R3V;
				INFOPLIST_FILE = App/Info.plist;
				IPHONEOS_DEPLOYMENT_TARGET = 17.0;
				LD_RUNPATH_SEARCH_PATHS = (
					"$(inherited)",
					"@executable_path/Frameworks",
				);
				MARKETING_VERSION = 1.0;
				OTHER_SWIFT_FLAGS = "$(inherited) \"-D\" \"COCOAPODS\" \"-DDEBUG\"";
				PRODUCT_BUNDLE_IDENTIFIER = com.verba.clock;
				PRODUCT_NAME = "$(TARGET_NAME)";
				SWIFT_ACTIVE_COMPILATION_CONDITIONS = DEBUG;
				SWIFT_VERSION = 5.0;
				TARGETED_DEVICE_FAMILY = "1,2";
			};
			name = Debug;
		};
		504EC3181FED79650016851F /* Release */ = {
			isa = XCBuildConfiguration;
			buildSettings = {
				ASSETCATALOG_COMPILER_APPICON_NAME = AppIcon;
				CODE_SIGN_ENTITLEMENTS = App/App.entitlements;
				CODE_SIGN_STYLE = Automatic;
				CURRENT_PROJECT_VERSION = 1;
				DEVELOPMENT_TEAM = 7Z5VPU7R3V;
				INFOPLIST_FILE = App/Info.plist;
				IPHONEOS_DEPLOYMENT_TARGET = 17.0;
				LD_RUNPATH_SEARCH_PATHS = (
					"$(inherited)",
					"@executable_path/Frameworks",
				);
				MARKETING_VERSION = 1.0;
				PRODUCT_BUNDLE_IDENTIFIER = com.verba.clock;
				PRODUCT_NAME = "$(TARGET_NAME)";
				SWIFT_ACTIVE_COMPILATION_CONDITIONS = "";
				SWIFT_VERSION = 5.0;
				TARGETED_DEVICE_FAMILY = "1,2";
			};
			name = Release;
		};
		60F65845A17E54E886DFC598 /* Debug */ = {
			isa = XCBuildConfiguration;
			buildSettings = {
				ASSETCATALOG_COMPILER_APPICON_NAME = AppIcon;
				ASSETCATALOG_COMPILER_GLOBAL_ACCENT_COLOR_NAME = AccentColor;
				CODE_SIGN_ENTITLEMENTS = VerbaWatch/VerbaWatch.entitlements;
				CODE_SIGN_STYLE = Automatic;
				CURRENT_PROJECT_VERSION = 1;
				DEVELOPMENT_TEAM = 7Z5VPU7R3V;
				GENERATE_INFOPLIST_FILE = YES;
				INFOPLIST_KEY_CFBundleDisplayName = "Verba Clock";
				INFOPLIST_KEY_WKApplication = YES;
				INFOPLIST_KEY_WKCompanionAppBundleIdentifier = com.verba.clock;
				INFOPLIST_KEY_WKRunsIndependentlyOfCompanionApp = YES;
				MARKETING_VERSION = 1.0;
				PRODUCT_BUNDLE_IDENTIFIER = com.verba.clock.watchkitapp;
				PRODUCT_NAME = "$(TARGET_NAME)";
				SDKROOT = watchos;
				SKIP_INSTALL = YES;
				SWIFT_VERSION = 5.0;
				TARGETED_DEVICE_FAMILY = 4;
				WATCHOS_DEPLOYMENT_TARGET = 10.0;
			};
			name = Debug;
		};
		C484C88E8907627D1B732CC1 /* Release */ = {
			isa = XCBuildConfiguration;
			buildSettings = {
				ASSETCATALOG_COMPILER_GLOBAL_ACCENT_COLOR_NAME = "";
				ASSETCATALOG_COMPILER_WIDGET_BACKGROUND_COLOR_NAME = "";
				CLANG_ENABLE_OBJC_WEAK = NO;
				CODE_SIGN_ENTITLEMENTS = VerbaWidgets/VerbaWidgets.entitlements;
				CODE_SIGN_STYLE = Automatic;
				CURRENT_PROJECT_VERSION = 1;
				DEVELOPMENT_TEAM = 7Z5VPU7R3V;
				GENERATE_INFOPLIST_FILE = YES;
				INFOPLIST_FILE = VerbaWidgets/Info.plist;
				INFOPLIST_KEY_CFBundleDisplayName = "Verba Clock";
				IPHONEOS_DEPLOYMENT_TARGET = 17.0;
				MARKETING_VERSION = 1.0;
				PRODUCT_BUNDLE_IDENTIFIER = com.verba.clock.widgets;
				PRODUCT_NAME = VerbaWidgets;
				SDKROOT = iphoneos;
				SKIP_INSTALL = YES;
				SWIFT_VERSION = 5.0;
				TARGETED_DEVICE_FAMILY = "1,2";
				VALIDATE_PRODUCT = YES;
			};
			name = Release;
		};
		C67D2762F6B079105587D229 /* Debug */ = {
			isa = XCBuildConfiguration;
			buildSettings = {
				CODE_SIGN_ENTITLEMENTS = VerbaWatchWidgets/VerbaWatchWidgets.entitlements;
				CODE_SIGN_STYLE = Automatic;
				CURRENT_PROJECT_VERSION = 1;
				DEVELOPMENT_TEAM = 7Z5VPU7R3V;
				GENERATE_INFOPLIST_FILE = NO;
				INFOPLIST_FILE = VerbaWatchWidgets/Info.plist;
				MARKETING_VERSION = 1.0;
				PRODUCT_BUNDLE_IDENTIFIER = com.verba.clock.watchkitapp.widgets;
				PRODUCT_NAME = "$(TARGET_NAME)";
				SDKROOT = watchos;
				SWIFT_VERSION = 5.0;
				TARGETED_DEVICE_FAMILY = 4;
				WATCHOS_DEPLOYMENT_TARGET = 10.0;
			};
			name = Debug;
		};
		CF52FA877751DCF498408943 /* Release */ = {
			isa = XCBuildConfiguration;
			buildSettings = {
				CODE_SIGN_ENTITLEMENTS = VerbaWatchWidgets/VerbaWatchWidgets.entitlements;
				CODE_SIGN_STYLE = Automatic;
				CURRENT_PROJECT_VERSION = 1;
				DEVELOPMENT_TEAM = 7Z5VPU7R3V;
				GENERATE_INFOPLIST_FILE = NO;
				INFOPLIST_FILE = VerbaWatchWidgets/Info.plist;
				MARKETING_VERSION = 1.0;
				PRODUCT_BUNDLE_IDENTIFIER = com.verba.clock.watchkitapp.widgets;
				PRODUCT_NAME = "$(TARGET_NAME)";
				SDKROOT = watchos;
				SWIFT_VERSION = 5.0;
				TARGETED_DEVICE_FAMILY = 4;
				VALIDATE_PRODUCT = YES;
				WATCHOS_DEPLOYMENT_TARGET = 10.0;
			};
			name = Release;
		};
		D9C99B0A5401D8B00BDBB26F /* Debug */ = {
			isa = XCBuildConfiguration;
			buildSettings = {
				ASSETCATALOG_COMPILER_GLOBAL_ACCENT_COLOR_NAME = "";
				ASSETCATALOG_COMPILER_WIDGET_BACKGROUND_COLOR_NAME = "";
				CLANG_ENABLE_OBJC_WEAK = NO;
				CODE_SIGN_ENTITLEMENTS = VerbaWidgets/VerbaWidgets.entitlements;
				CODE_SIGN_STYLE = Automatic;
				CURRENT_PROJECT_VERSION = 1;
				DEVELOPMENT_TEAM = 7Z5VPU7R3V;
				GENERATE_INFOPLIST_FILE = YES;
				INFOPLIST_FILE = VerbaWidgets/Info.plist;
				INFOPLIST_KEY_CFBundleDisplayName = "Verba Clock";
				IPHONEOS_DEPLOYMENT_TARGET = 17.0;
				MARKETING_VERSION = 1.0;
				PRODUCT_BUNDLE_IDENTIFIER = com.verba.clock.widgets;
				PRODUCT_NAME = VerbaWidgets;
				SDKROOT = iphoneos;
				SKIP_INSTALL = YES;
				SWIFT_VERSION = 5.0;
				TARGETED_DEVICE_FAMILY = "1,2";
			};
			name = Debug;
		};
/* End XCBuildConfiguration section */

/* Begin XCConfigurationList section */
		0CA0E12759A09EC4F80034A2 /* Build configuration list for PBXNativeTarget "VerbaWidgets" */ = {
			isa = XCConfigurationList;
			buildConfigurations = (
				C484C88E8907627D1B732CC1 /* Release */,
				D9C99B0A5401D8B00BDBB26F /* Debug */,
			);
			defaultConfigurationIsVisible = 0;
			defaultConfigurationName = Release;
		};
		504EC2FF1FED79650016851F /* Build configuration list for PBXProject "App" */ = {
			isa = XCConfigurationList;
			buildConfigurations = (
				504EC3141FED79650016851F /* Debug */,
				504EC3151FED79650016851F /* Release */,
			);
			defaultConfigurationIsVisible = 0;
			defaultConfigurationName = Release;
		};
		504EC3161FED79650016851F /* Build configuration list for PBXNativeTarget "App" */ = {
			isa = XCConfigurationList;
			buildConfigurations = (
				504EC3171FED79650016851F /* Debug */,
				504EC3181FED79650016851F /* Release */,
			);
			defaultConfigurationIsVisible = 0;
			defaultConfigurationName = Release;
		};
		70E21AA0961013B507A74580 /* Build configuration list for PBXNativeTarget "VerbaWatchWidgets" */ = {
			isa = XCConfigurationList;
			buildConfigurations = (
				CF52FA877751DCF498408943 /* Release */,
				C67D2762F6B079105587D229 /* Debug */,
			);
			defaultConfigurationIsVisible = 0;
			defaultConfigurationName = Release;
		};
		AA29AE89FE5636E331A03E6A /* Build configuration list for PBXNativeTarget "VerbaWatch" */ = {
			isa = XCConfigurationList;
			buildConfigurations = (
				4F54F9CB81E3FE5AF4A3C075 /* Release */,
				60F65845A17E54E886DFC598 /* Debug */,
			);
			defaultConfigurationIsVisible = 0;
			defaultConfigurationName = Release;
		};
/* End XCConfigurationList section */

/* Begin XCLocalSwiftPackageReference section */
		D4C12C0A2AAA248700AAC8A2 /* XCLocalSwiftPackageReference "CapApp-SPM" */ = {
			isa = XCLocalSwiftPackageReference;
			relativePath = "CapApp-SPM";
		};
		F0A8CBA75DC1F0B70CC6B95E /* XCLocalSwiftPackageReference "VerbaFaceKit" */ = {
			isa = XCLocalSwiftPackageReference;
			relativePath = VerbaFaceKit;
		};
/* End XCLocalSwiftPackageReference section */

/* Begin XCSwiftPackageProductDependency section */
		024E542C69A330DBD276B0A5 /* VerbaFaceKit */ = {
			isa = XCSwiftPackageProductDependency;
			productName = VerbaFaceKit;
		};
		4D22ABE82AF431CB00220026 /* CapApp-SPM */ = {
			isa = XCSwiftPackageProductDependency;
			package = D4C12C0A2AAA248700AAC8A2 /* XCLocalSwiftPackageReference "CapApp-SPM" */;
			productName = "CapApp-SPM";
		};
		942D20BC82B43069331812E2 /* VerbaFaceKit */ = {
			isa = XCSwiftPackageProductDependency;
			productName = VerbaFaceKit;
		};
		D8AF9871A9704375CC556482 /* VerbaFaceKit */ = {
			isa = XCSwiftPackageProductDependency;
			productName = VerbaFaceKit;
		};
/* End XCSwiftPackageProductDependency section */
	};
	rootObject = 504EC2FC1FED79650016851F /* Project object */;
}
